
Microsoft Visual Studio Solution File, Format Version 12.00
# Visual Studio Version 17
VisualStudioVersion = 17.4.33205.214
MinimumVisualStudioVersion = 10.0.40219.1
Project("{FAE04EC0-301F-11D3-BF4B-00C04F79EFBC}") = "ORM-Dapper", "ORM-Dapper.csproj", "{EC97BFC7-299A-4091-80E9-BD30EB05CC69}"
EndProject
Global
	GlobalSection(SolutionConfigurationPlatforms) = preSolution
		Debug|Any CPU = Debug|Any CPU
		Release|Any CPU = Release|Any CPU
	EndGlobalSection
	GlobalSection(ProjectConfigurationPlatforms) = postSolution
		{EC97BFC7-299A-4091-80E9-BD30EB05CC69}.Debug|Any CPU.ActiveCfg = Debug|Any CPU
		{EC97BFC7-299A-4091-80E9-BD30EB05CC69}.Debug|Any CPU.Build.0 = Debug|Any CPU
		{EC97BFC7-299A-4091-80E9-BD30EB05CC69}.Release|Any CPU.ActiveCfg = Release|Any CPU
		{EC97BFC7-299A-4091-80E9-BD30EB05CC69}.Release|Any CPU.Build.0 = Release|Any CPU
	EndGlobalSection
	GlobalSection(SolutionProperties) = preSolution
		HideSolutionNode = FALSE
	EndGlobalSection
	GlobalSection(ExtensibilityGlobals) = postSolution
		SolutionGuid = {59B250E4-DFE9-4BEA-B22F-D913B1398AD5}
	EndGlobalSection
EndGlobal
