
Microsoft Visual Studio Solution File, Format Version 12.00
# Visual Studio Version 17
VisualStudioVersion = 17.4.33205.214
MinimumVisualStudioVersion = 10.0.40219.1
Project("{FAE04EC0-301F-11D3-BF4B-00C04F79EFBC}") = "ORM-EntityFramework", "ORM-EntityFramework.csproj", "{B581C1F7-C873-46AC-B865-0299E56EB81C}"
EndProject
Global
	GlobalSection(SolutionConfigurationPlatforms) = preSolution
		Debug|Any CPU = Debug|Any CPU
		Release|Any CPU = Release|Any CPU
	EndGlobalSection
	GlobalSection(ProjectConfigurationPlatforms) = postSolution
		{B581C1F7-C873-46AC-B865-0299E56EB81C}.Debug|Any CPU.ActiveCfg = Debug|Any CPU
		{B581C1F7-C873-46AC-B865-0299E56EB81C}.Debug|Any CPU.Build.0 = Debug|Any CPU
		{B581C1F7-C873-46AC-B865-0299E56EB81C}.Release|Any CPU.ActiveCfg = Release|Any CPU
		{B581C1F7-C873-46AC-B865-0299E56EB81C}.Release|Any CPU.Build.0 = Release|Any CPU
	EndGlobalSection
	GlobalSection(SolutionProperties) = preSolution
		HideSolutionNode = FALSE
	EndGlobalSection
	GlobalSection(ExtensibilityGlobals) = postSolution
		SolutionGuid = {91FDCB1D-E16E-462D-93E9-F23169D6DC8E}
	EndGlobalSection
EndGlobal
