
Microsoft Visual Studio Solution File, Format Version 12.00
# Visual Studio Version 17
VisualStudioVersion = 17.4.33205.214
MinimumVisualStudioVersion = 10.0.40219.1
Project("{FAE04EC0-301F-11D3-BF4B-00C04F79EFBC}") = "Repository-Pattern", "Repository-Pattern.csproj", "{CD4E0B74-1AE3-40F4-AB68-16D268B573E5}"
EndProject
Global
	GlobalSection(SolutionConfigurationPlatforms) = preSolution
		Debug|Any CPU = Debug|Any CPU
		Release|Any CPU = Release|Any CPU
	EndGlobalSection
	GlobalSection(ProjectConfigurationPlatforms) = postSolution
		{CD4E0B74-1AE3-40F4-AB68-16D268B573E5}.Debug|Any CPU.ActiveCfg = Debug|Any CPU
		{CD4E0B74-1AE3-40F4-AB68-16D268B573E5}.Debug|Any CPU.Build.0 = Debug|Any CPU
		{CD4E0B74-1AE3-40F4-AB68-16D268B573E5}.Release|Any CPU.ActiveCfg = Release|Any CPU
		{CD4E0B74-1AE3-40F4-AB68-16D268B573E5}.Release|Any CPU.Build.0 = Release|Any CPU
	EndGlobalSection
	GlobalSection(SolutionProperties) = preSolution
		HideSolutionNode = FALSE
	EndGlobalSection
	GlobalSection(ExtensibilityGlobals) = postSolution
		SolutionGuid = {8896FA4A-4B63-4333-B7E3-2B28DAFD5D62}
	EndGlobalSection
EndGlobal
